
Microsoft Visual Studio Solution File, Format Version 12.00
# Visual Studio Version 17
VisualStudioVersion = 17.9.34616.47
MinimumVisualStudioVersion = 10.0.40219.1
Project("{FAE04EC0-301F-11D3-BF4B-00C04F79EFBC}") = "CRUDSederhana", "CRUDSederhana\CRUDSederhana.csproj", "{46E60B5D-10B1-48DC-BF81-CBC2FF87B60D}"
EndProject
Global
	GlobalSection(SolutionConfigurationPlatforms) = preSolution
		Debug|Any CPU = Debug|Any CPU
		Release|Any CPU = Release|Any CPU
	EndGlobalSection
	GlobalSection(ProjectConfigurationPlatforms) = postSolution
		{46E60B5D-10B1-48DC-BF81-CBC2FF87B60D}.Debug|Any CPU.ActiveCfg = Debug|Any CPU
		{46E60B5D-10B1-48DC-BF81-CBC2FF87B60D}.Debug|Any CPU.Build.0 = Debug|Any CPU
		{46E60B5D-10B1-48DC-BF81-CBC2FF87B60D}.Release|Any CPU.ActiveCfg = Release|Any CPU
		{46E60B5D-10B1-48DC-BF81-CBC2FF87B60D}.Release|Any CPU.Build.0 = Release|Any CPU
	EndGlobalSection
	GlobalSection(SolutionProperties) = preSolution
		HideSolutionNode = FALSE
	EndGlobalSection
	GlobalSection(ExtensibilityGlobals) = postSolution
		SolutionGuid = {6F5EEDF7-C3D7-4128-9284-E686A1D328CE}
	EndGlobalSection
EndGlobal
